
Microsoft Visual Studio Solution File, Format Version 12.00
# Visual Studio Version 17
VisualStudioVersion = 17.6.33801.468
MinimumVisualStudioVersion = 10.0.40219.1
Project("{FAE04EC0-301F-11D3-BF4B-00C04F79EFBC}") = "Sheenam.Api", "Sheenam.Api\Sheenam.Api.csproj", "{7EE5B38E-9E16-43A5-9828-6EC7960B69D8}"
EndProject
Global
	GlobalSection(SolutionConfigurationPlatforms) = preSolution
		Debug|Any CPU = Debug|Any CPU
		Release|Any CPU = Release|Any CPU
	EndGlobalSection
	GlobalSection(ProjectConfigurationPlatforms) = postSolution
		{7EE5B38E-9E16-43A5-9828-6EC7960B69D8}.Debug|Any CPU.ActiveCfg = Debug|Any CPU
		{7EE5B38E-9E16-43A5-9828-6EC7960B69D8}.Debug|Any CPU.Build.0 = Debug|Any CPU
		{7EE5B38E-9E16-43A5-9828-6EC7960B69D8}.Release|Any CPU.ActiveCfg = Release|Any CPU
		{7EE5B38E-9E16-43A5-9828-6EC7960B69D8}.Release|Any CPU.Build.0 = Release|Any CPU
	EndGlobalSection
	GlobalSection(SolutionProperties) = preSolution
		HideSolutionNode = FALSE
	EndGlobalSection
	GlobalSection(ExtensibilityGlobals) = postSolution
		SolutionGuid = {FD0ABB7A-857F-4E5B-B4E9-74EE9B718837}
	EndGlobalSection
EndGlobal
